{
  "version": 1,
  "dependencies": {
    "net10.0": {
      "Microsoft.AspNetCore.Authentication": {
        "type": "Direct",
        "requested": "[2.3.11, )",
        "resolved": "2.3.11",
        "contentHash": "17ZirKkgsBV/nViEeEIzEyB0HalAkeysvykZMMOILNgvUi3cFBRivcaSZ4qwvJfW7S4MG524td4V15Tw2GvTXQ=="
      },
      "Microsoft.AspNetCore.Authentication.JwtBearer": {
        "type": "Direct",
        "requested": "[10.0.10, )",
        "resolved": "10.0.10",
        "contentHash": "VAcqS42zb9WJd9DjPdkVTS5YrQENmNzPNJuRu8VAW7x3TEWUipc4d4hHzVJdFB0h/KLdr4XcXZzRHcUOKVanMQ==",
        "dependencies": {
          "Microsoft.IdentityModel.Protocols.OpenIdConnect": "8.19.2"
        }
      },
      "Microsoft.AspNetCore.Authorization": {
        "type": "Direct",
        "requested": "[10.0.10, )",
        "resolved": "10.0.10",
        "contentHash": "FxWC2bc788/51CiSiMkKW5gQyqrSSs1991BhphS6ZARMGii+3Qr355Q9OSB/nBpdHVjIopfegAhreZ6UPpO9WA=="
      },
      "Microsoft.Azure.Cosmos.Table": {
        "type": "Direct",
        "requested": "[1.0.8, )",
        "resolved": "1.0.8",
        "contentHash": "ToeEd1yijM7nQfLYvdFLG//RjKPmfqm45eOm86UAKrxtyGI/CXqP8iL74mzBp6mZ9A/K/ZYA2fVdpH0xHR5Keg==",
        "dependencies": {
          "Microsoft.Azure.DocumentDB.Core": "2.11.2",
          "Microsoft.OData.Core": "7.6.4",
          "Newtonsoft.Json": "10.0.2"
        }
      },
      "Microsoft.Azure.KeyVault": {
        "type": "Direct",
        "requested": "[3.0.5, )",
        "resolved": "3.0.5",
        "contentHash": "hbWw44JCJhk7e+CFeqSD1iQ2k4MP6bVVahEd9Cd1OP6JNyy0Y/S+9almtadH3vUoeDQsBAoQmzGImNoK3gxpog==",
        "dependencies": {
          "Microsoft.Azure.KeyVault.WebKey": "3.0.5",
          "Microsoft.Rest.ClientRuntime": "[2.3.20, 3.0.0)",
          "Microsoft.Rest.ClientRuntime.Azure": "[3.3.18, 4.0.0)",
          "Newtonsoft.Json": "10.0.3"
        }
      },
      "Microsoft.Azure.Services.AppAuthentication": {
        "type": "Direct",
        "requested": "[1.6.2, )",
        "resolved": "1.6.2",
        "contentHash": "rSQhTv43ionr9rWvE4vxIe/i73XR5hoBYfh7UUgdaVOGW1MZeikR9RmgaJhonTylimCcCuJvrU0zXsSIFOsTGw==",
        "dependencies": {
          "Microsoft.IdentityModel.Clients.ActiveDirectory": "5.2.9"
        }
      },
      "Microsoft.Extensions.Configuration.AzureKeyVault": {
        "type": "Direct",
        "requested": "[3.1.24, )",
        "resolved": "3.1.24",
        "contentHash": "dAir8lfKn3Ukvis2sGddZ72bbuEQ24VusFELZg2JZDPTjBDyoVVocbxbe/39YAEHEq3TfCAIbHicCCKgHBBa2A==",
        "dependencies": {
          "Microsoft.Azure.KeyVault": "2.3.2",
          "Microsoft.Azure.Services.AppAuthentication": "1.0.3"
        }
      },
      "Sentry.AspNetCore": {
        "type": "Direct",
        "requested": "[6.6.0, )",
        "resolved": "6.6.0",
        "contentHash": "MzS1695uLEYN8sfjmqaBYMg87WAB+YaQjlI/IQp9FVC1D3Kimv+SqptvM5Xzg6tjZZ0NR6AhPTdWs1oP145N5w==",
        "dependencies": {
          "Sentry.Extensions.Logging": "6.6.0"
        }
      },
      "SierraLib.API.Views": {
        "type": "Direct",
        "requested": "[1.0.176, )",
        "resolved": "1.0.176",
        "contentHash": "xFcrwnjxonczc6iYc81csau3eA7/fq7auT5F4YGNkrotFcupVliHFH5sXTQ+RmfwXpG1iZH2nN6MSn7GksVqJw=="
      },
      "Microsoft.Azure.DocumentDB.Core": {
        "type": "Transitive",
        "resolved": "2.11.2",
        "contentHash": "cA8eWrTFbYrkHrz095x4CUGb7wqQgA1slzFZCYexhNwz6Zcn3v+S1yvWMGwGRmRjT0MKU9tYdFWgLfT0OjSycw==",
        "dependencies": {
          "NETStandard.Library": "1.6.0",
          "Newtonsoft.Json": "9.0.1"
        }
      },
      "Microsoft.Azure.KeyVault.WebKey": {
        "type": "Transitive",
        "resolved": "3.0.5",
        "contentHash": "LmvQxr3qaK1rEMcsQCIz88T4LT6Mskd3mS425iXGFargt/FHS/p4lT++gBlsB3IZyU/opM7v8Yruzp13xu/I8g==",
        "dependencies": {
          "Microsoft.Rest.ClientRuntime": "[2.3.20, 3.0.0)",
          "Microsoft.Rest.ClientRuntime.Azure": "[3.3.18, 4.0.0)",
          "Newtonsoft.Json": "10.0.3"
        }
      },
      "Microsoft.Bcl.Cryptography": {
        "type": "Transitive",
        "resolved": "10.0.2",
        "contentHash": "LG9Yll3B5aNpxv0+D47g6LiOiKBIlodhcHdQwcYzo8VeexFLGqx5ymetmA2aBRyo9cCcWsQWrFsdbsr8LvmWDw=="
      },
      "Microsoft.IdentityModel.Abstractions": {
        "type": "Transitive",
        "resolved": "8.19.2",
        "contentHash": "HJbo/lnSfNHUfphPRT910poQc4T2/9+8svFLvzuaYHGAOJ2Tu+oEDqpX0BVP3BJ4OuUM1kylEKyaiX2fCAK3Cw=="
      },
      "Microsoft.IdentityModel.Clients.ActiveDirectory": {
        "type": "Transitive",
        "resolved": "5.2.9",
        "contentHash": "WhBAG/9hWiMHIXve4ZgwXP3spRwf7kFFfejf76QA5BvumgnPp8iDkDCiJugzAcpW1YaHB526z1UVxHhVT1E5qw==",
        "dependencies": {
          "NETStandard.Library": "1.6.1"
        }
      },
      "Microsoft.IdentityModel.JsonWebTokens": {
        "type": "Transitive",
        "resolved": "8.19.2",
        "contentHash": "ui3fuBT4fs8kdKfBthI4NzLYIBIneEVS8UrL1JVBzAn80UiKmngBBi0BEByE7n/9c+EElcfFlCMFFTqpkBSLNA==",
        "dependencies": {
          "Microsoft.IdentityModel.Tokens": "8.19.2"
        }
      },
      "Microsoft.IdentityModel.Logging": {
        "type": "Transitive",
        "resolved": "8.19.2",
        "contentHash": "r5YLDIxGOnkVJHrqXv/iD1FM1CgGrQOdriXuvuWvTPmKbnGANhEysq9XKmN6IHjf2a+9bAGEpnoRBsAQlvJU5w==",
        "dependencies": {
          "Microsoft.IdentityModel.Abstractions": "8.19.2"
        }
      },
      "Microsoft.IdentityModel.Protocols": {
        "type": "Transitive",
        "resolved": "8.19.2",
        "contentHash": "sGxSsSrZXNmca6D+jHH2rVRyo2nNRd/g4H9CFbPmLLq0xgoH1U0orLWE5minfijw7+zq49tBs7txenbfAErRoQ==",
        "dependencies": {
          "Microsoft.IdentityModel.Tokens": "8.19.2"
        }
      },
      "Microsoft.IdentityModel.Protocols.OpenIdConnect": {
        "type": "Transitive",
        "resolved": "8.19.2",
        "contentHash": "1XOcyY36cVymzE3qKdzKaUEZ4Pzt7ZpSa14JZoPPK1NLFUkQDs85TCqpV6XDo0YjFXj6nVK00AfOHppjghjhtw==",
        "dependencies": {
          "Microsoft.IdentityModel.Protocols": "8.19.2",
          "System.IdentityModel.Tokens.Jwt": "8.19.2"
        }
      },
      "Microsoft.IdentityModel.Tokens": {
        "type": "Transitive",
        "resolved": "8.19.2",
        "contentHash": "GtPC1S02uH1gOO4fQ+zRysIicKmEXaYFP8PIkdJYXqMyruYhopre4ozVHp0XiDSA0+GJvOZH9prxCPvgBMg4Ww==",
        "dependencies": {
          "Microsoft.Bcl.Cryptography": "10.0.2",
          "Microsoft.IdentityModel.Logging": "8.19.2"
        }
      },
      "Microsoft.NETCore.Platforms": {
        "type": "Transitive",
        "resolved": "1.1.0",
        "contentHash": "kz0PEW2lhqygehI/d6XsPCQzD7ff7gUJaVGPVETX611eadGsA3A877GdSlU0LRVMCTH/+P3o2iDTak+S08V2+A=="
      },
      "Microsoft.OData.Core": {
        "type": "Transitive",
        "resolved": "7.6.4",
        "contentHash": "/EjnJezMBjXf8OjcShhGzPY7pOO0CopgoZGhS6xsP3t2uhC+O72IBHgtQ7F3v1rRXWVtJwLGhzE1GfJUlx3c4Q==",
        "dependencies": {
          "Microsoft.OData.Edm": "[7.6.4]",
          "Microsoft.Spatial": "[7.6.4]"
        }
      },
      "Microsoft.OData.Edm": {
        "type": "Transitive",
        "resolved": "7.6.4",
        "contentHash": "MSSmA6kIfpgFTtNpOnnayoSj/6KSzHC1U9KOjF7cTA1PG4tZ7rIMi1pvjFc8CmYEvP4cxGl/+vrCn+HpK26HTQ=="
      },
      "Microsoft.Rest.ClientRuntime": {
        "type": "Transitive",
        "resolved": "2.3.20",
        "contentHash": "bw/H1nO4JdnhTagPHWIFQwtlQ6rb2jqw5RTrqPsPqzrjhJxc7P6MyNGdf4pgHQdzdpBSNOfZTEQifoUkxmzYXQ==",
        "dependencies": {
          "Newtonsoft.Json": "10.0.3"
        }
      },
      "Microsoft.Rest.ClientRuntime.Azure": {
        "type": "Transitive",
        "resolved": "3.3.18",
        "contentHash": "pCtem10PRQYvzRiwJVInsccsqB0NrTjW83NF3zWk1LpN3IS0AneZKq89RyogDT7mRMT1Li/mLY8N8kU6RAiK0g==",
        "dependencies": {
          "Microsoft.Rest.ClientRuntime": "[2.3.17, 3.0.0)",
          "NETStandard.Library": "1.6.1",
          "Newtonsoft.Json": "10.0.3"
        }
      },
      "Microsoft.Spatial": {
        "type": "Transitive",
        "resolved": "7.6.4",
        "contentHash": "3mB+Frn4LU4yb5ie9R752QiRn0Hvp9PITkSRofV/Lzm9EyLM87Fy9ziqgz75O/c712dh6GxuypMSBUGmNFwMeA=="
      },
      "NETStandard.Library": {
        "type": "Transitive",
        "resolved": "1.6.1",
        "contentHash": "WcSp3+vP+yHNgS8EV5J7pZ9IRpeDuARBPN28by8zqff1wJQXm26PVU8L3/fYLBJVU7BtDyqNVWq2KlCVvSSR4A==",
        "dependencies": {
          "Microsoft.NETCore.Platforms": "1.1.0"
        }
      },
      "Newtonsoft.Json": {
        "type": "Transitive",
        "resolved": "10.0.3",
        "contentHash": "hSXaFmh7hNCuEoC4XNY5DrRkLDzYHqPx/Ik23R4J86Z7PE/Y6YidhG602dFVdLBRSdG6xp9NabH3dXpcoxWvww==",
        "dependencies": {
          "NETStandard.Library": "1.6.1"
        }
      },
      "Sentry": {
        "type": "Transitive",
        "resolved": "6.6.0",
        "contentHash": "1D3xo3P9Y94VQN3RoV/86XqgtylHp1pdeEml3/UB649BrzJeZ/pqO/o8YgJ5g+GqpMQiGI09yjAI7s5ff2A1IA=="
      },
      "Sentry.Extensions.Logging": {
        "type": "Transitive",
        "resolved": "6.6.0",
        "contentHash": "6d5/MLfqfIy2uIlKIFJVtSpT3Z0lY3VlpFPqBP34E1COX1qI+AnrsRKa9v7+wedZDKmBmyTGGzwUZWmmfJfGaw==",
        "dependencies": {
          "Sentry": "6.6.0"
        }
      },
      "System.IdentityModel.Tokens.Jwt": {
        "type": "Transitive",
        "resolved": "8.19.2",
        "contentHash": "gqhDC/icByKEutygpr+OFgAmjwTVowyzFjWB8K0q1ww8uFj5a1BQNL+QvijUl9uhq4p8OdDwcAIrjVC+eC9FVA==",
        "dependencies": {
          "Microsoft.IdentityModel.JsonWebTokens": "8.19.2",
          "Microsoft.IdentityModel.Tokens": "8.19.2"
        }
      }
    }
  }
}