{
  "version": 1,
  "dependencies": {
    "net10.0": {
      "Microsoft.AspNetCore.Authentication": {
        "type": "Direct",
        "requested": "[2.3.11, )",
        "resolved": "2.3.11",
        "contentHash": "17ZirKkgsBV/nViEeEIzEyB0HalAkeysvykZMMOILNgvUi3cFBRivcaSZ4qwvJfW7S4MG524td4V15Tw2GvTXQ=="
      },
      "Microsoft.AspNetCore.Authentication.JwtBearer": {
        "type": "Direct",
        "requested": "[10.0.9, )",
        "resolved": "10.0.9",
        "contentHash": "Hs5NDsGm8YicDDNx5RoBIT+H2AB9R27MvZ2gHoupTiHr+nnH3VxzY7DcmlbJ3b5DvvOhK35lWt/9Odtrq9sjtA==",
        "dependencies": {
          "Microsoft.IdentityModel.Protocols.OpenIdConnect": "8.0.1"
        }
      },
      "Microsoft.AspNetCore.Authorization": {
        "type": "Direct",
        "requested": "[10.0.9, )",
        "resolved": "10.0.9",
        "contentHash": "p/8NL3otNi5KJdLScn+OWbjlqOEe5WvhD+swFRUG9FNCeZAuu0EWF9DOTJ2SJPaCSnxQ2hrb2941mWg92T6Gpw=="
      },
      "Microsoft.Azure.Cosmos.Table": {
        "type": "Direct",
        "requested": "[1.0.8, )",
        "resolved": "1.0.8",
        "contentHash": "ToeEd1yijM7nQfLYvdFLG//RjKPmfqm45eOm86UAKrxtyGI/CXqP8iL74mzBp6mZ9A/K/ZYA2fVdpH0xHR5Keg==",
        "dependencies": {
          "Microsoft.Azure.DocumentDB.Core": "2.11.2",
          "Microsoft.OData.Core": "7.6.4",
          "Newtonsoft.Json": "10.0.2"
        }
      },
      "Microsoft.Azure.KeyVault": {
        "type": "Direct",
        "requested": "[3.0.5, )",
        "resolved": "3.0.5",
        "contentHash": "hbWw44JCJhk7e+CFeqSD1iQ2k4MP6bVVahEd9Cd1OP6JNyy0Y/S+9almtadH3vUoeDQsBAoQmzGImNoK3gxpog==",
        "dependencies": {
          "Microsoft.Azure.KeyVault.WebKey": "3.0.5",
          "Microsoft.Rest.ClientRuntime": "[2.3.20, 3.0.0)",
          "Microsoft.Rest.ClientRuntime.Azure": "[3.3.18, 4.0.0)",
          "Newtonsoft.Json": "10.0.3"
        }
      },
      "Microsoft.Azure.Services.AppAuthentication": {
        "type": "Direct",
        "requested": "[1.6.2, )",
        "resolved": "1.6.2",
        "contentHash": "rSQhTv43ionr9rWvE4vxIe/i73XR5hoBYfh7UUgdaVOGW1MZeikR9RmgaJhonTylimCcCuJvrU0zXsSIFOsTGw==",
        "dependencies": {
          "Microsoft.IdentityModel.Clients.ActiveDirectory": "5.2.9"
        }
      },
      "Microsoft.Extensions.Configuration.AzureKeyVault": {
        "type": "Direct",
        "requested": "[3.1.24, )",
        "resolved": "3.1.24",
        "contentHash": "dAir8lfKn3Ukvis2sGddZ72bbuEQ24VusFELZg2JZDPTjBDyoVVocbxbe/39YAEHEq3TfCAIbHicCCKgHBBa2A==",
        "dependencies": {
          "Microsoft.Azure.KeyVault": "2.3.2",
          "Microsoft.Azure.Services.AppAuthentication": "1.0.3"
        }
      },
      "Sentry.AspNetCore": {
        "type": "Direct",
        "requested": "[4.13.0, )",
        "resolved": "4.13.0",
        "contentHash": "1cH9hSvjRbTkcpjUejFTrTC3jMIiOrcZ0DIvt16+AYqXhuxPEnI56npR1nhv+7WUGyhyp5cHFIZqrKnyrrGP0w==",
        "dependencies": {
          "Sentry.Extensions.Logging": "4.13.0"
        }
      },
      "SierraLib.API.Views": {
        "type": "Direct",
        "requested": "[1.0.172, )",
        "resolved": "1.0.172",
        "contentHash": "TTHzH4zGk3Ohg5QAqx6aotptj0IlZpKuIdbpAaIHH7/6os2Zh/OGuBGl+Fs/tvuPMGWMtKqx2FP4GNAedi5sWA=="
      },
      "Microsoft.Azure.DocumentDB.Core": {
        "type": "Transitive",
        "resolved": "2.11.2",
        "contentHash": "cA8eWrTFbYrkHrz095x4CUGb7wqQgA1slzFZCYexhNwz6Zcn3v+S1yvWMGwGRmRjT0MKU9tYdFWgLfT0OjSycw==",
        "dependencies": {
          "NETStandard.Library": "1.6.0",
          "Newtonsoft.Json": "9.0.1"
        }
      },
      "Microsoft.Azure.KeyVault.WebKey": {
        "type": "Transitive",
        "resolved": "3.0.5",
        "contentHash": "LmvQxr3qaK1rEMcsQCIz88T4LT6Mskd3mS425iXGFargt/FHS/p4lT++gBlsB3IZyU/opM7v8Yruzp13xu/I8g==",
        "dependencies": {
          "Microsoft.Rest.ClientRuntime": "[2.3.20, 3.0.0)",
          "Microsoft.Rest.ClientRuntime.Azure": "[3.3.18, 4.0.0)",
          "Newtonsoft.Json": "10.0.3"
        }
      },
      "Microsoft.IdentityModel.Abstractions": {
        "type": "Transitive",
        "resolved": "8.0.1",
        "contentHash": "OtlIWcyX01olfdevPKZdIPfBEvbcioDyBiE/Z2lHsopsMD7twcKtlN9kMevHmI5IIPhFpfwCIiR6qHQz1WHUIw=="
      },
      "Microsoft.IdentityModel.Clients.ActiveDirectory": {
        "type": "Transitive",
        "resolved": "5.2.9",
        "contentHash": "WhBAG/9hWiMHIXve4ZgwXP3spRwf7kFFfejf76QA5BvumgnPp8iDkDCiJugzAcpW1YaHB526z1UVxHhVT1E5qw==",
        "dependencies": {
          "NETStandard.Library": "1.6.1"
        }
      },
      "Microsoft.IdentityModel.JsonWebTokens": {
        "type": "Transitive",
        "resolved": "8.0.1",
        "contentHash": "s6++gF9x0rQApQzOBbSyp4jUaAlwm+DroKfL8gdOHxs83k8SJfUXhuc46rDB3rNXBQ1MVRxqKUrqFhO/M0E97g==",
        "dependencies": {
          "Microsoft.IdentityModel.Tokens": "8.0.1"
        }
      },
      "Microsoft.IdentityModel.Logging": {
        "type": "Transitive",
        "resolved": "8.0.1",
        "contentHash": "UCPF2exZqBXe7v/6sGNiM6zCQOUXXQ9+v5VTb9gPB8ZSUPnX53BxlN78v2jsbIvK9Dq4GovQxo23x8JgWvm/Qg==",
        "dependencies": {
          "Microsoft.IdentityModel.Abstractions": "8.0.1"
        }
      },
      "Microsoft.IdentityModel.Protocols": {
        "type": "Transitive",
        "resolved": "8.0.1",
        "contentHash": "uA2vpKqU3I2mBBEaeJAWPTjT9v1TZrGWKdgK6G5qJd03CLx83kdiqO9cmiK8/n1erkHzFBwU/RphP83aAe3i3g==",
        "dependencies": {
          "Microsoft.IdentityModel.Tokens": "8.0.1"
        }
      },
      "Microsoft.IdentityModel.Protocols.OpenIdConnect": {
        "type": "Transitive",
        "resolved": "8.0.1",
        "contentHash": "AQDbfpL+yzuuGhO/mQhKNsp44pm5Jv8/BI4KiFXR7beVGZoSH35zMV3PrmcfvSTsyI6qrcR898NzUauD6SRigg==",
        "dependencies": {
          "Microsoft.IdentityModel.Protocols": "8.0.1",
          "System.IdentityModel.Tokens.Jwt": "8.0.1"
        }
      },
      "Microsoft.IdentityModel.Tokens": {
        "type": "Transitive",
        "resolved": "8.0.1",
        "contentHash": "kDimB6Dkd3nkW2oZPDkMkVHfQt3IDqO5gL0oa8WVy3OP4uE8Ij+8TXnqg9TOd9ufjsY3IDiGz7pCUbnfL18tjg==",
        "dependencies": {
          "Microsoft.IdentityModel.Logging": "8.0.1"
        }
      },
      "Microsoft.NETCore.Platforms": {
        "type": "Transitive",
        "resolved": "1.1.0",
        "contentHash": "kz0PEW2lhqygehI/d6XsPCQzD7ff7gUJaVGPVETX611eadGsA3A877GdSlU0LRVMCTH/+P3o2iDTak+S08V2+A=="
      },
      "Microsoft.OData.Core": {
        "type": "Transitive",
        "resolved": "7.6.4",
        "contentHash": "/EjnJezMBjXf8OjcShhGzPY7pOO0CopgoZGhS6xsP3t2uhC+O72IBHgtQ7F3v1rRXWVtJwLGhzE1GfJUlx3c4Q==",
        "dependencies": {
          "Microsoft.OData.Edm": "[7.6.4]",
          "Microsoft.Spatial": "[7.6.4]"
        }
      },
      "Microsoft.OData.Edm": {
        "type": "Transitive",
        "resolved": "7.6.4",
        "contentHash": "MSSmA6kIfpgFTtNpOnnayoSj/6KSzHC1U9KOjF7cTA1PG4tZ7rIMi1pvjFc8CmYEvP4cxGl/+vrCn+HpK26HTQ=="
      },
      "Microsoft.Rest.ClientRuntime": {
        "type": "Transitive",
        "resolved": "2.3.20",
        "contentHash": "bw/H1nO4JdnhTagPHWIFQwtlQ6rb2jqw5RTrqPsPqzrjhJxc7P6MyNGdf4pgHQdzdpBSNOfZTEQifoUkxmzYXQ==",
        "dependencies": {
          "Newtonsoft.Json": "10.0.3"
        }
      },
      "Microsoft.Rest.ClientRuntime.Azure": {
        "type": "Transitive",
        "resolved": "3.3.18",
        "contentHash": "pCtem10PRQYvzRiwJVInsccsqB0NrTjW83NF3zWk1LpN3IS0AneZKq89RyogDT7mRMT1Li/mLY8N8kU6RAiK0g==",
        "dependencies": {
          "Microsoft.Rest.ClientRuntime": "[2.3.17, 3.0.0)",
          "NETStandard.Library": "1.6.1",
          "Newtonsoft.Json": "10.0.3"
        }
      },
      "Microsoft.Spatial": {
        "type": "Transitive",
        "resolved": "7.6.4",
        "contentHash": "3mB+Frn4LU4yb5ie9R752QiRn0Hvp9PITkSRofV/Lzm9EyLM87Fy9ziqgz75O/c712dh6GxuypMSBUGmNFwMeA=="
      },
      "NETStandard.Library": {
        "type": "Transitive",
        "resolved": "1.6.1",
        "contentHash": "WcSp3+vP+yHNgS8EV5J7pZ9IRpeDuARBPN28by8zqff1wJQXm26PVU8L3/fYLBJVU7BtDyqNVWq2KlCVvSSR4A==",
        "dependencies": {
          "Microsoft.NETCore.Platforms": "1.1.0"
        }
      },
      "Newtonsoft.Json": {
        "type": "Transitive",
        "resolved": "10.0.3",
        "contentHash": "hSXaFmh7hNCuEoC4XNY5DrRkLDzYHqPx/Ik23R4J86Z7PE/Y6YidhG602dFVdLBRSdG6xp9NabH3dXpcoxWvww==",
        "dependencies": {
          "NETStandard.Library": "1.6.1"
        }
      },
      "Sentry": {
        "type": "Transitive",
        "resolved": "4.13.0",
        "contentHash": "Wfw3M1WpFcrYaGzPm7QyUTfIOYkVXQ1ry6p4WYjhbLz9fPwV23SGQZTFDpdox67NHM0V0g1aoQ4YKLm4ANtEEg=="
      },
      "Sentry.Extensions.Logging": {
        "type": "Transitive",
        "resolved": "4.13.0",
        "contentHash": "yZ5+TtJKWcss6cG17YjnovImx4X56T8O6Qy6bsMC8tMDttYy8J7HJ2F+WdaZNyjOCo0Rfi6N2gc+Clv/5pf+TQ==",
        "dependencies": {
          "Sentry": "4.13.0"
        }
      },
      "System.IdentityModel.Tokens.Jwt": {
        "type": "Transitive",
        "resolved": "8.0.1",
        "contentHash": "GJw3bYkWpOgvN3tJo5X4lYUeIFA2HD293FPUhKmp7qxS+g5ywAb34Dnd3cDAFLkcMohy5XTpoaZ4uAHuw0uSPQ==",
        "dependencies": {
          "Microsoft.IdentityModel.JsonWebTokens": "8.0.1",
          "Microsoft.IdentityModel.Tokens": "8.0.1"
        }
      }
    }
  }
}